
Microsoft Visual Studio Solution File, Format Version 12.00
# Visual Studio Version 16
VisualStudioVersion = 16.0.29009.5
MinimumVisualStudioVersion = 10.0.40219.1
Project("{9A19103F-16F7-4668-BE54-9A1E7A4F7556}") = "QFConsoleApp", "ConsoleApp1\QFConsoleApp.csproj", "{64D6A15B-E50A-4EB3-BF95-CA7B00FDB10D}"
EndProject
Project("{9A19103F-16F7-4668-BE54-9A1E7A4F7556}") = "QFWebApiCore", "QFWebApiCore\QFWebApiCore.csproj", "{E1E2CFAA-3888-4EB8-8830-F77C7E4AA3C7}"
EndProject
Project("{FAE04EC0-301F-11D3-BF4B-00C04F79EFBC}") = "QFEFCoreWrapper", "EFCoreWrapper\QFEFCoreWrapper.csproj", "{EECC3588-9CF7-468B-8E6A-17CB0DE6E27D}"
EndProject
Project("{FAE04EC0-301F-11D3-BF4B-00C04F79EFBC}") = "UnitTest", "UnitTestWebApi\UnitTest.csproj", "{67D1F0DD-623E-496F-932B-D1D295F20DEA}"
EndProject
Project("{FAE04EC0-301F-11D3-BF4B-00C04F79EFBC}") = "Common", "Common\Common.csproj", "{A62185F9-7EE8-4A26-8E5C-1D2C094A4F28}"
EndProject
Global
	GlobalSection(SolutionConfigurationPlatforms) = preSolution
		Debug|Any CPU = Debug|Any CPU
		Release|Any CPU = Release|Any CPU
	EndGlobalSection
	GlobalSection(ProjectConfigurationPlatforms) = postSolution
		{64D6A15B-E50A-4EB3-BF95-CA7B00FDB10D}.Debug|Any CPU.ActiveCfg = Debug|Any CPU
		{64D6A15B-E50A-4EB3-BF95-CA7B00FDB10D}.Debug|Any CPU.Build.0 = Debug|Any CPU
		{64D6A15B-E50A-4EB3-BF95-CA7B00FDB10D}.Release|Any CPU.ActiveCfg = Release|Any CPU
		{64D6A15B-E50A-4EB3-BF95-CA7B00FDB10D}.Release|Any CPU.Build.0 = Release|Any CPU
		{E1E2CFAA-3888-4EB8-8830-F77C7E4AA3C7}.Debug|Any CPU.ActiveCfg = Debug|Any CPU
		{E1E2CFAA-3888-4EB8-8830-F77C7E4AA3C7}.Debug|Any CPU.Build.0 = Debug|Any CPU
		{E1E2CFAA-3888-4EB8-8830-F77C7E4AA3C7}.Release|Any CPU.ActiveCfg = Release|Any CPU
		{E1E2CFAA-3888-4EB8-8830-F77C7E4AA3C7}.Release|Any CPU.Build.0 = Release|Any CPU
		{EECC3588-9CF7-468B-8E6A-17CB0DE6E27D}.Debug|Any CPU.ActiveCfg = Debug|Any CPU
		{EECC3588-9CF7-468B-8E6A-17CB0DE6E27D}.Debug|Any CPU.Build.0 = Debug|Any CPU
		{EECC3588-9CF7-468B-8E6A-17CB0DE6E27D}.Release|Any CPU.ActiveCfg = Release|Any CPU
		{EECC3588-9CF7-468B-8E6A-17CB0DE6E27D}.Release|Any CPU.Build.0 = Release|Any CPU
		{67D1F0DD-623E-496F-932B-D1D295F20DEA}.Debug|Any CPU.ActiveCfg = Debug|Any CPU
		{67D1F0DD-623E-496F-932B-D1D295F20DEA}.Debug|Any CPU.Build.0 = Debug|Any CPU
		{67D1F0DD-623E-496F-932B-D1D295F20DEA}.Release|Any CPU.ActiveCfg = Release|Any CPU
		{67D1F0DD-623E-496F-932B-D1D295F20DEA}.Release|Any CPU.Build.0 = Release|Any CPU
		{A62185F9-7EE8-4A26-8E5C-1D2C094A4F28}.Debug|Any CPU.ActiveCfg = Debug|Any CPU
		{A62185F9-7EE8-4A26-8E5C-1D2C094A4F28}.Debug|Any CPU.Build.0 = Debug|Any CPU
		{A62185F9-7EE8-4A26-8E5C-1D2C094A4F28}.Release|Any CPU.ActiveCfg = Release|Any CPU
		{A62185F9-7EE8-4A26-8E5C-1D2C094A4F28}.Release|Any CPU.Build.0 = Release|Any CPU
	EndGlobalSection
	GlobalSection(SolutionProperties) = preSolution
		HideSolutionNode = FALSE
	EndGlobalSection
	GlobalSection(ExtensibilityGlobals) = postSolution
		SolutionGuid = {60A8BC10-98C4-4167-9675-5B5098405F8C}
	EndGlobalSection
EndGlobal
